
Microsoft Visual Studio Solution File, Format Version 12.00
# Visual Studio Version 16
VisualStudioVersion = 16.0.32106.194
MinimumVisualStudioVersion = 10.0.40219.1
Project("{9A19103F-16F7-4668-BE54-9A1E7A4F7556}") = "FamilyFinance", "FamilyFinance\FamilyFinance.csproj", "{AB7C906F-B680-475B-B1D9-DBD0E55D42A8}"
EndProject
Project("{FAE04EC0-301F-11D3-BF4B-00C04F79EFBC}") = "WebApi", "WebApi\WebApi.csproj", "{DD7F987D-91EE-469E-9A1E-4B5BBA080EF7}"
EndProject
Global
	GlobalSection(SolutionConfigurationPlatforms) = preSolution
		Debug|Any CPU = Debug|Any CPU
		Release|Any CPU = Release|Any CPU
	EndGlobalSection
	GlobalSection(ProjectConfigurationPlatforms) = postSolution
		{AB7C906F-B680-475B-B1D9-DBD0E55D42A8}.Debug|Any CPU.ActiveCfg = Debug|Any CPU
		{AB7C906F-B680-475B-B1D9-DBD0E55D42A8}.Debug|Any CPU.Build.0 = Debug|Any CPU
		{AB7C906F-B680-475B-B1D9-DBD0E55D42A8}.Release|Any CPU.ActiveCfg = Release|Any CPU
		{AB7C906F-B680-475B-B1D9-DBD0E55D42A8}.Release|Any CPU.Build.0 = Release|Any CPU
		{DD7F987D-91EE-469E-9A1E-4B5BBA080EF7}.Debug|Any CPU.ActiveCfg = Debug|Any CPU
		{DD7F987D-91EE-469E-9A1E-4B5BBA080EF7}.Debug|Any CPU.Build.0 = Debug|Any CPU
		{DD7F987D-91EE-469E-9A1E-4B5BBA080EF7}.Release|Any CPU.ActiveCfg = Release|Any CPU
		{DD7F987D-91EE-469E-9A1E-4B5BBA080EF7}.Release|Any CPU.Build.0 = Release|Any CPU
	EndGlobalSection
	GlobalSection(SolutionProperties) = preSolution
		HideSolutionNode = FALSE
	EndGlobalSection
	GlobalSection(ExtensibilityGlobals) = postSolution
		SolutionGuid = {C3B8CE22-C2A3-465D-932B-4E3257B5739E}
	EndGlobalSection
EndGlobal
